
Microsoft Visual Studio Solution File, Format Version 12.00
# Visual Studio 2013
VisualStudioVersion = 12.0.30723.0
MinimumVisualStudioVersion = 10.0.40219.1
Project("{FAE04EC0-301F-11D3-BF4B-00C04F79EFBC}") = "CommanderMiniTest", "CommanderMiniTest\CommanderMiniTest.csproj", "{0B5B332C-84D7-433A-8050-7A8881A9A79E}"
EndProject
Project("{FAE04EC0-301F-11D3-BF4B-00C04F79EFBC}") = "HidDevices", "HidDevices\HidDevices.csproj", "{4C9CB1F7-3D8E-4A89-BEA8-850E95649805}"
EndProject
Global
	GlobalSection(SolutionConfigurationPlatforms) = preSolution
		Debug|Any CPU = Debug|Any CPU
		Release|Any CPU = Release|Any CPU
		Test|Any CPU = Test|Any CPU
	EndGlobalSection
	GlobalSection(ProjectConfigurationPlatforms) = postSolution
		{0B5B332C-84D7-433A-8050-7A8881A9A79E}.Debug|Any CPU.ActiveCfg = Debug|Any CPU
		{0B5B332C-84D7-433A-8050-7A8881A9A79E}.Debug|Any CPU.Build.0 = Debug|Any CPU
		{0B5B332C-84D7-433A-8050-7A8881A9A79E}.Release|Any CPU.ActiveCfg = Release|Any CPU
		{0B5B332C-84D7-433A-8050-7A8881A9A79E}.Release|Any CPU.Build.0 = Release|Any CPU
		{0B5B332C-84D7-433A-8050-7A8881A9A79E}.Test|Any CPU.ActiveCfg = Release|Any CPU
		{0B5B332C-84D7-433A-8050-7A8881A9A79E}.Test|Any CPU.Build.0 = Release|Any CPU
		{4C9CB1F7-3D8E-4A89-BEA8-850E95649805}.Debug|Any CPU.ActiveCfg = Debug|Any CPU
		{4C9CB1F7-3D8E-4A89-BEA8-850E95649805}.Debug|Any CPU.Build.0 = Debug|Any CPU
		{4C9CB1F7-3D8E-4A89-BEA8-850E95649805}.Release|Any CPU.ActiveCfg = Release|Any CPU
		{4C9CB1F7-3D8E-4A89-BEA8-850E95649805}.Release|Any CPU.Build.0 = Release|Any CPU
		{4C9CB1F7-3D8E-4A89-BEA8-850E95649805}.Test|Any CPU.ActiveCfg = Release|Any CPU
		{4C9CB1F7-3D8E-4A89-BEA8-850E95649805}.Test|Any CPU.Build.0 = Release|Any CPU
	EndGlobalSection
	GlobalSection(SolutionProperties) = preSolution
		HideSolutionNode = FALSE
	EndGlobalSection
EndGlobal
